# THIS IS AN AUTOGENERATED FILE. DO NOT EDIT THIS FILE DIRECTLY.
# yarn lockfile v1


bulma@^0.8.0:
  version "0.8.0"
  resolved "https://registry.yarnpkg.com/bulma/-/bulma-0.8.0.tgz#ac1606431703a4761b18a4a2d5cc1fa864a2aece"
  integrity sha512-nhf3rGyiZh/VM7FrSJ/5KeLlfaFkXz0nYcXriynfPH4vVpnxnqyEwaNGdNCVzHyyCA3cHgkQAMpdF/SFbFGZfA==

mathjax@^2.7.7:
  version "2.7.7"
  resolved "https://registry.yarnpkg.com/mathjax/-/mathjax-2.7.7.tgz#22ff89550a7b1f5f06a037d13da5ff3c33e11ec4"
  integrity sha512-OOl0B2/0tSJAtAZarXnQuLDBLgTNRqiI9VqHTQzPsxf4okT2iIpDrvaklK9x2QEMD1sDj4yRn11Ygci41DxMAQ==
